// !$*UTF8*$!
{
	archiveVersion = 1;
	classes = {
	};
	objectVersion = 50;
	objects = {

/* Begin PBXBuildFile section */
		2587A1342599B5B600B37CFF /* WidgetApp.swift in Sources */ = {isa = PBXBuildFile; fileRef = 2587A1332599B5B600B37CFF /* WidgetApp.swift */; };
		2587A1362599B5B600B37CFF /* ContentView.swift in Sources */ = {isa = PBXBuildFile; fileRef = 2587A1352599B5B600B37CFF /* ContentView.swift */; };
		2587A1382599B5B700B37CFF /* Assets.xcassets in Resources */ = {isa = PBXBuildFile; fileRef = 2587A1372599B5B700B37CFF /* Assets.xcassets */; };
		2587A13B2599B5B800B37CFF /* Preview Assets.xcassets in Resources */ = {isa = PBXBuildFile; fileRef = 2587A13A2599B5B800B37CFF /* Preview Assets.xcassets */; };
		2587A14A2599B5DB00B37CFF /* WidgetKit.framework in Frameworks */ = {isa = PBXBuildFile; fileRef = 2587A1492599B5DB00B37CFF /* WidgetKit.framework */; };
		2587A14C2599B5DB00B37CFF /* SwiftUI.framework in Frameworks */ = {isa = PBXBuildFile; fileRef = 2587A14B2599B5DB00B37CFF /* SwiftUI.framework */; };
		2587A14F2599B5DB00B37CFF /* London.swift in Sources */ = {isa = PBXBuildFile; fileRef = 2587A14E2599B5DB00B37CFF /* London.swift */; };
		2587A1512599B5DC00B37CFF /* Assets.xcassets in Resources */ = {isa = PBXBuildFile; fileRef = 2587A1502599B5DC00B37CFF /* Assets.xcassets */; };
		2587A1552599B5DC00B37CFF /* LondonExtension.appex in Embed App Extensions */ = {isa = PBXBuildFile; fileRef = 2587A1472599B5DB00B37CFF /* LondonExtension.appex */; settings = {ATTRIBUTES = (RemoveHeadersOnCopy, ); }; };
/* End PBXBuildFile section */

/* Begin PBXContainerItemProxy section */
		2587A1532599B5DC00B37CFF /* PBXContainerItemProxy */ = {
			isa = PBXContainerItemProxy;
			containerPortal = 2587A1282599B5B600B37CFF /* Project object */;
			proxyType = 1;
			remoteGlobalIDString = 2587A1462599B5DB00B37CFF;
			remoteInfo = LondonExtension;
		};
/* End PBXContainerItemProxy section */

/* Begin PBXCopyFilesBuildPhase section */
		2587A1592599B5DC00B37CFF /* Embed App Extensions */ = {
			isa = PBXCopyFilesBuildPhase;
			buildActionMask = 2147483647;
			dstPath = "";
			dstSubfolderSpec = 13;
			files = (
				2587A1552599B5DC00B37CFF /* LondonExtension.appex in Embed App Extensions */,
			);
			name = "Embed App Extensions";
			runOnlyForDeploymentPostprocessing = 0;
		};
/* End PBXCopyFilesBuildPhase section */

/* Begin PBXFileReference section */
		2587A1302599B5B600B37CFF /* Widget.app */ = {isa = PBXFileReference; explicitFileType = wrapper.application; includeInIndex = 0; path = Widget.app; sourceTree = BUILT_PRODUCTS_DIR; };
		2587A1332599B5B600B37CFF /* WidgetApp.swift */ = {isa = PBXFileReference; lastKnownFileType = sourcecode.swift; path = WidgetApp.swift; sourceTree = "<group>"; };
		2587A1352599B5B600B37CFF /* ContentView.swift */ = {isa = PBXFileReference; lastKnownFileType = sourcecode.swift; path = ContentView.swift; sourceTree = "<group>"; };
		2587A1372599B5B700B37CFF /* Assets.xcassets */ = {isa = PBXFileReference; lastKnownFileType = folder.assetcatalog; path = Assets.xcassets; sourceTree = "<group>"; };
		2587A13A2599B5B800B37CFF /* Preview Assets.xcassets */ = {isa = PBXFileReference; lastKnownFileType = folder.assetcatalog; path = "Preview Assets.xcassets"; sourceTree = "<group>"; };
		2587A13C2599B5B800B37CFF /* Info.plist */ = {isa = PBXFileReference; lastKnownFileType = text.plist.xml; path = Info.plist; sourceTree = "<group>"; };
		2587A1472599B5DB00B37CFF /* LondonExtension.appex */ = {isa = PBXFileReference; explicitFileType = "wrapper.app-extension"; includeInIndex = 0; path = LondonExtension.appex; sourceTree = BUILT_PRODUCTS_DIR; };
		2587A1492599B5DB00B37CFF /* WidgetKit.framework */ = {isa = PBXFileReference; lastKnownFileType = wrapper.framework; name = WidgetKit.framework; path = System/Library/Frameworks/WidgetKit.framework; sourceTree = SDKROOT; };
		2587A14B2599B5DB00B37CFF /* SwiftUI.framework */ = {isa = PBXFileReference; lastKnownFileType = wrapper.framework; name = SwiftUI.framework; path = System/Library/Frameworks/SwiftUI.framework; sourceTree = SDKROOT; };
		2587A14E2599B5DB00B37CFF /* London.swift */ = {isa = PBXFileReference; lastKnownFileType = sourcecode.swift; path = London.swift; sourceTree = "<group>"; };
		2587A1502599B5DC00B37CFF /* Assets.xcassets */ = {isa = PBXFileReference; lastKnownFileType = folder.assetcatalog; path = Assets.xcassets; sourceTree = "<group>"; };
		2587A1522599B5DC00B37CFF /* Info.plist */ = {isa = PBXFileReference; lastKnownFileType = text.plist.xml; path = Info.plist; sourceTree = "<group>"; };
/* End PBXFileReference section */

/* Begin PBXFrameworksBuildPhase section */
		2587A12D2599B5B600B37CFF /* Frameworks */ = {
			isa = PBXFrameworksBuildPhase;
			buildActionMask = 2147483647;
			files = (
			);
			runOnlyForDeploymentPostprocessing = 0;
		};
		2587A1442599B5DB00B37CFF /* Frameworks */ = {
			isa = PBXFrameworksBuildPhase;
			buildActionMask = 2147483647;
			files = (
				2587A14C2599B5DB00B37CFF /* SwiftUI.framework in Frameworks */,
				2587A14A2599B5DB00B37CFF /* WidgetKit.framework in Frameworks */,
			);
			runOnlyForDeploymentPostprocessing = 0;
		};
/* End PBXFrameworksBuildPhase section */

/* Begin PBXGroup section */
		2587A1272599B5B600B37CFF = {
			isa = PBXGroup;
			children = (
				2587A1322599B5B600B37CFF /* Widget */,
				2587A14D2599B5DB00B37CFF /* London */,
				2587A1482599B5DB00B37CFF /* Frameworks */,
				2587A1312599B5B600B37CFF /* Products */,
			);
			sourceTree = "<group>";
		};
		2587A1312599B5B600B37CFF /* Products */ = {
			isa = PBXGroup;
			children = (
				2587A1302599B5B600B37CFF /* Widget.app */,
				2587A1472599B5DB00B37CFF /* LondonExtension.appex */,
			);
			name = Products;
			sourceTree = "<group>";
		};
		2587A1322599B5B600B37CFF /* Widget */ = {
			isa = PBXGroup;
			children = (
				2587A1332599B5B600B37CFF /* WidgetApp.swift */,
				2587A1352599B5B600B37CFF /* ContentView.swift */,
				2587A1372599B5B700B37CFF /* Assets.xcassets */,
				2587A13C2599B5B800B37CFF /* Info.plist */,
				2587A1392599B5B800B37CFF /* Preview Content */,
			);
			path = Widget;
			sourceTree = "<group>";
		};
		2587A1392599B5B800B37CFF /* Preview Content */ = {
			isa = PBXGroup;
			children = (
				2587A13A2599B5B800B37CFF /* Preview Assets.xcassets */,
			);
			path = "Preview Content";
			sourceTree = "<group>";
		};
		2587A1482599B5DB00B37CFF /* Frameworks */ = {
			isa = PBXGroup;
			children = (
				2587A1492599B5DB00B37CFF /* WidgetKit.framework */,
				2587A14B2599B5DB00B37CFF /* SwiftUI.framework */,
			);
			name = Frameworks;
			sourceTree = "<group>";
		};
		2587A14D2599B5DB00B37CFF /* London */ = {
			isa = PBXGroup;
			children = (
				2587A14E2599B5DB00B37CFF /* London.swift */,
				2587A1502599B5DC00B37CFF /* Assets.xcassets */,
				2587A1522599B5DC00B37CFF /* Info.plist */,
			);
			path = London;
			sourceTree = "<group>";
		};
/* End PBXGroup section */

/* Begin PBXNativeTarget section */
		2587A12F2599B5B600B37CFF /* Widget */ = {
			isa = PBXNativeTarget;
			buildConfigurationList = 2587A13F2599B5B800B37CFF /* Build configuration list for PBXNativeTarget "Widget" */;
			buildPhases = (
				2587A12C2599B5B600B37CFF /* Sources */,
				2587A12D2599B5B600B37CFF /* Frameworks */,
				2587A12E2599B5B600B37CFF /* Resources */,
				2587A1592599B5DC00B37CFF /* Embed App Extensions */,
			);
			buildRules = (
			);
			dependencies = (
				2587A1542599B5DC00B37CFF /* PBXTargetDependency */,
			);
			name = Widget;
			productName = Widget;
			productReference = 2587A1302599B5B600B37CFF /* Widget.app */;
			productType = "com.apple.product-type.application";
		};
		2587A1462599B5DB00B37CFF /* LondonExtension */ = {
			isa = PBXNativeTarget;
			buildConfigurationList = 2587A1562599B5DC00B37CFF /* Build configuration list for PBXNativeTarget "LondonExtension" */;
			buildPhases = (
				2587A1432599B5DB00B37CFF /* Sources */,
				2587A1442599B5DB00B37CFF /* Frameworks */,
				2587A1452599B5DB00B37CFF /* Resources */,
			);
			buildRules = (
			);
			dependencies = (
			);
			name = LondonExtension;
			productName = LondonExtension;
			productReference = 2587A1472599B5DB00B37CFF /* LondonExtension.appex */;
			productType = "com.apple.product-type.app-extension";
		};
/* End PBXNativeTarget section */

/* Begin PBXProject section */
		2587A1282599B5B600B37CFF /* Project object */ = {
			isa = PBXProject;
			attributes = {
				LastSwiftUpdateCheck = 1200;
				LastUpgradeCheck = 1200;
				TargetAttributes = {
					2587A12F2599B5B600B37CFF = {
						CreatedOnToolsVersion = 12.0.1;
					};
					2587A1462599B5DB00B37CFF = {
						CreatedOnToolsVersion = 12.0.1;
					};
				};
			};
			buildConfigurationList = 2587A12B2599B5B600B37CFF /* Build configuration list for PBXProject "Widget" */;
			compatibilityVersion = "Xcode 9.3";
			developmentRegion = en;
			hasScannedForEncodings = 0;
			knownRegions = (
				en,
				Base,
			);
			mainGroup = 2587A1272599B5B600B37CFF;
			productRefGroup = 2587A1312599B5B600B37CFF /* Products */;
			projectDirPath = "";
			projectRoot = "";
			targets = (
				2587A12F2599B5B600B37CFF /* Widget */,
				2587A1462599B5DB00B37CFF /* LondonExtension */,
			);
		};
/* End PBXProject section */

/* Begin PBXResourcesBuildPhase section */
		2587A12E2599B5B600B37CFF /* Resources */ = {
			isa = PBXResourcesBuildPhase;
			buildActionMask = 2147483647;
			files = (
				2587A13B2599B5B800B37CFF /* Preview Assets.xcassets in Resources */,
				2587A1382599B5B700B37CFF /* Assets.xcassets in Resources */,
			);
			runOnlyForDeploymentPostprocessing = 0;
		};
		2587A1452599B5DB00B37CFF /* Resources */ = {
			isa = PBXResourcesBuildPhase;
			buildActionMask = 2147483647;
			files = (
				2587A1512599B5DC00B37CFF /* Assets.xcassets in Resources */,
			);
			runOnlyForDeploymentPostprocessing = 0;
		};
/* End PBXResourcesBuildPhase section */

/* Begin PBXSourcesBuildPhase section */
		2587A12C2599B5B600B37CFF /* Sources */ = {
			isa = PBXSourcesBuildPhase;
			buildActionMask = 2147483647;
			files = (
				2587A1362599B5B600B37CFF /* ContentView.swift in Sources */,
				2587A1342599B5B600B37CFF /* WidgetApp.swift in Sources */,
			);
			runOnlyForDeploymentPostprocessing = 0;
		};
		2587A1432599B5DB00B37CFF /* Sources */ = {
			isa = PBXSourcesBuildPhase;
			buildActionMask = 2147483647;
			files = (
				2587A14F2599B5DB00B37CFF /* London.swift in Sources */,
			);
			runOnlyForDeploymentPostprocessing = 0;
		};
/* End PBXSourcesBuildPhase section */

/* Begin PBXTargetDependency section */
		2587A1542599B5DC00B37CFF /* PBXTargetDependency */ = {
			isa = PBXTargetDependency;
			target = 2587A1462599B5DB00B37CFF /* LondonExtension */;
			targetProxy = 2587A1532599B5DC00B37CFF /* PBXContainerItemProxy */;
		};
/* End PBXTargetDependency section */

/* Begin XCBuildConfiguration section */
		2587A13D2599B5B800B37CFF /* Debug */ = {
			isa = XCBuildConfiguration;
			buildSettings = {
				ALWAYS_SEARCH_USER_PATHS = NO;
				CLANG_ANALYZER_NONNULL = YES;
				CLANG_ANALYZER_NUMBER_OBJECT_CONVERSION = YES_AGGRESSIVE;
				CLANG_CXX_LANGUAGE_STANDARD = "gnu++14";
				CLANG_CXX_LIBRARY = "libc++";
				CLANG_ENABLE_MODULES = YES;
				CLANG_ENABLE_OBJC_ARC = YES;
				CLANG_ENABLE_OBJC_WEAK = YES;
				CLANG_WARN_BLOCK_CAPTURE_AUTORELEASING = YES;
				CLANG_WARN_BOOL_CONVERSION = YES;
				CLANG_WARN_COMMA = YES;
				CLANG_WARN_CONSTANT_CONVERSION = YES;
				CLANG_WARN_DEPRECATED_OBJC_IMPLEMENTATIONS = YES;
				CLANG_WARN_DIRECT_OBJC_ISA_USAGE = YES_ERROR;
				CLANG_WARN_DOCUMENTATION_COMMENTS = YES;
				CLANG_WARN_EMPTY_BODY = YES;
				CLANG_WARN_ENUM_CONVERSION = YES;
				CLANG_WARN_INFINITE_RECURSION = YES;
				CLANG_WARN_INT_CONVERSION = YES;
				CLANG_WARN_NON_LITERAL_NULL_CONVERSION = YES;
				CLANG_WARN_OBJC_IMPLICIT_RETAIN_SELF = YES;
				CLANG_WARN_OBJC_LITERAL_CONVERSION = YES;
				CLANG_WARN_OBJC_ROOT_CLASS = YES_ERROR;
				CLANG_WARN_QUOTED_INCLUDE_IN_FRAMEWORK_HEADER = YES;
				CLANG_WARN_RANGE_LOOP_ANALYSIS = YES;
				CLANG_WARN_STRICT_PROTOTYPES = YES;
				CLANG_WARN_SUSPICIOUS_MOVE = YES;
				CLANG_WARN_UNGUARDED_AVAILABILITY = YES_AGGRESSIVE;
				CLANG_WARN_UNREACHABLE_CODE = YES;
				CLANG_WARN__DUPLICATE_METHOD_MATCH = YES;
				COPY_PHASE_STRIP = NO;
				DEBUG_INFORMATION_FORMAT = dwarf;
				ENABLE_STRICT_OBJC_MSGSEND = YES;
				ENABLE_TESTABILITY = YES;
				GCC_C_LANGUAGE_STANDARD = gnu11;
				GCC_DYNAMIC_NO_PIC = NO;
				GCC_NO_COMMON_BLOCKS = YES;
				GCC_OPTIMIZATION_LEVEL = 0;
				GCC_PREPROCESSOR_DEFINITIONS = (
					"DEBUG=1",
					"$(inherited)",
				);
				GCC_WARN_64_TO_32_BIT_CONVERSION = YES;
				GCC_WARN_ABOUT_RETURN_TYPE = YES_ERROR;
				GCC_WARN_UNDECLARED_SELECTOR = YES;
				GCC_WARN_UNINITIALIZED_AUTOS = YES_AGGRESSIVE;
				GCC_WARN_UNUSED_FUNCTION = YES;
				GCC_WARN_UNUSED_VARIABLE = YES;
				IPHONEOS_DEPLOYMENT_TARGET = 14.0;
				MTL_ENABLE_DEBUG_INFO = INCLUDE_SOURCE;
				MTL_FAST_MATH = YES;
				ONLY_ACTIVE_ARCH = YES;
				SDKROOT = iphoneos;
				SWIFT_ACTIVE_COMPILATION_CONDITIONS = DEBUG;
				SWIFT_OPTIMIZATION_LEVEL = "-Onone";
			};
			name = Debug;
		};
		2587A13E2599B5B800B37CFF /* Release */ = {
			isa = XCBuildConfiguration;
			buildSettings = {
				ALWAYS_SEARCH_USER_PATHS = NO;
				CLANG_ANALYZER_NONNULL = YES;
				CLANG_ANALYZER_NUMBER_OBJECT_CONVERSION = YES_AGGRESSIVE;
				CLANG_CXX_LANGUAGE_STANDARD = "gnu++14";
				CLANG_CXX_LIBRARY = "libc++";
				CLANG_ENABLE_MODULES = YES;
				CLANG_ENABLE_OBJC_ARC = YES;
				CLANG_ENABLE_OBJC_WEAK = YES;
				CLANG_WARN_BLOCK_CAPTURE_AUTORELEASING = YES;
				CLANG_WARN_BOOL_CONVERSION = YES;
				CLANG_WARN_COMMA = YES;
				CLANG_WARN_CONSTANT_CONVERSION = YES;
				CLANG_WARN_DEPRECATED_OBJC_IMPLEMENTATIONS = YES;
				CLANG_WARN_DIRECT_OBJC_ISA_USAGE = YES_ERROR;
				CLANG_WARN_DOCUMENTATION_COMMENTS = YES;
				CLANG_WARN_EMPTY_BODY = YES;
				CLANG_WARN_ENUM_CONVERSION = YES;
				CLANG_WARN_INFINITE_RECURSION = YES;
				CLANG_WARN_INT_CONVERSION = YES;
				CLANG_WARN_NON_LITERAL_NULL_CONVERSION = YES;
				CLANG_WARN_OBJC_IMPLICIT_RETAIN_SELF = YES;
				CLANG_WARN_OBJC_LITERAL_CONVERSION = YES;
				CLANG_WARN_OBJC_ROOT_CLASS = YES_ERROR;
				CLANG_WARN_QUOTED_INCLUDE_IN_FRAMEWORK_HEADER = YES;
				CLANG_WARN_RANGE_LOOP_ANALYSIS = YES;
				CLANG_WARN_STRICT_PROTOTYPES = YES;
				CLANG_WARN_SUSPICIOUS_MOVE = YES;
				CLANG_WARN_UNGUARDED_AVAILABILITY = YES_AGGRESSIVE;
				CLANG_WARN_UNREACHABLE_CODE = YES;
				CLANG_WARN__DUPLICATE_METHOD_MATCH = YES;
				COPY_PHASE_STRIP = NO;
				DEBUG_INFORMATION_FORMAT = "dwarf-with-dsym";
				ENABLE_NS_ASSERTIONS = NO;
				ENABLE_STRICT_OBJC_MSGSEND = YES;
				GCC_C_LANGUAGE_STANDARD = gnu11;
				GCC_NO_COMMON_BLOCKS = YES;
				GCC_WARN_64_TO_32_BIT_CONVERSION = YES;
				GCC_WARN_ABOUT_RETURN_TYPE = YES_ERROR;
				GCC_WARN_UNDECLARED_SELECTOR = YES;
				GCC_WARN_UNINITIALIZED_AUTOS = YES_AGGRESSIVE;
				GCC_WARN_UNUSED_FUNCTION = YES;
				GCC_WARN_UNUSED_VARIABLE = YES;
				IPHONEOS_DEPLOYMENT_TARGET = 14.0;
				MTL_ENABLE_DEBUG_INFO = NO;
				MTL_FAST_MATH = YES;
				SDKROOT = iphoneos;
				SWIFT_COMPILATION_MODE = wholemodule;
				SWIFT_OPTIMIZATION_LEVEL = "-O";
				VALIDATE_PRODUCT = YES;
			};
			name = Release;
		};
		2587A1402599B5B800B37CFF /* Debug */ = {
			isa = XCBuildConfiguration;
			buildSettings = {
				ALWAYS_EMBED_SWIFT_STANDARD_LIBRARIES = YES;
				ASSETCATALOG_COMPILER_APPICON_NAME = AppIcon;
				ASSETCATALOG_COMPILER_GLOBAL_ACCENT_COLOR_NAME = AccentColor;
				CODE_SIGN_STYLE = Automatic;
				DEVELOPMENT_ASSET_PATHS = "\"Widget/Preview Content\"";
				DEVELOPMENT_TEAM = MD2CGNPAYG;
				ENABLE_PREVIEWS = YES;
				INFOPLIST_FILE = Widget/Info.plist;
				IPHONEOS_DEPLOYMENT_TARGET = 14.0;
				LD_RUNPATH_SEARCH_PATHS = (
					"$(inherited)",
					"@executable_path/Frameworks",
				);
				PRODUCT_BUNDLE_IDENTIFIER = vn.foody.Widget;
				PRODUCT_NAME = "$(TARGET_NAME)";
				SWIFT_VERSION = 5.0;
				TARGETED_DEVICE_FAMILY = "1,2";
			};
			name = Debug;
		};
		2587A1412599B5B800B37CFF /* Release */ = {
			isa = XCBuildConfiguration;
			buildSettings = {
				ALWAYS_EMBED_SWIFT_STANDARD_LIBRARIES = YES;
				ASSETCATALOG_COMPILER_APPICON_NAME = AppIcon;
				ASSETCATALOG_COMPILER_GLOBAL_ACCENT_COLOR_NAME = AccentColor;
				CODE_SIGN_STYLE = Automatic;
				DEVELOPMENT_ASSET_PATHS = "\"Widget/Preview Content\"";
				DEVELOPMENT_TEAM = MD2CGNPAYG;
				ENABLE_PREVIEWS = YES;
				INFOPLIST_FILE = Widget/Info.plist;
				IPHONEOS_DEPLOYMENT_TARGET = 14.0;
				LD_RUNPATH_SEARCH_PATHS = (
					"$(inherited)",
					"@executable_path/Frameworks",
				);
				PRODUCT_BUNDLE_IDENTIFIER = vn.foody.Widget;
				PRODUCT_NAME = "$(TARGET_NAME)";
				SWIFT_VERSION = 5.0;
				TARGETED_DEVICE_FAMILY = "1,2";
			};
			name = Release;
		};
		2587A1572599B5DC00B37CFF /* Debug */ = {
			isa = XCBuildConfiguration;
			buildSettings = {
				ASSETCATALOG_COMPILER_GLOBAL_ACCENT_COLOR_NAME = AccentColor;
				ASSETCATALOG_COMPILER_WIDGET_BACKGROUND_COLOR_NAME = WidgetBackground;
				CODE_SIGN_STYLE = Automatic;
				DEVELOPMENT_TEAM = MD2CGNPAYG;
				INFOPLIST_FILE = London/Info.plist;
				LD_RUNPATH_SEARCH_PATHS = (
					"$(inherited)",
					"@executable_path/Frameworks",
					"@executable_path/../../Frameworks",
				);
				PRODUCT_BUNDLE_IDENTIFIER = vn.foody.Widget.London;
				PRODUCT_NAME = "$(TARGET_NAME)";
				SKIP_INSTALL = YES;
				SWIFT_VERSION = 5.0;
				TARGETED_DEVICE_FAMILY = "1,2";
			};
			name = Debug;
		};
		2587A1582599B5DC00B37CFF /* Release */ = {
			isa = XCBuildConfiguration;
			buildSettings = {
				ASSETCATALOG_COMPILER_GLOBAL_ACCENT_COLOR_NAME = AccentColor;
				ASSETCATALOG_COMPILER_WIDGET_BACKGROUND_COLOR_NAME = WidgetBackground;
				CODE_SIGN_STYLE = Automatic;
				DEVELOPMENT_TEAM = MD2CGNPAYG;
				INFOPLIST_FILE = London/Info.plist;
				LD_RUNPATH_SEARCH_PATHS = (
					"$(inherited)",
					"@executable_path/Frameworks",
					"@executable_path/../../Frameworks",
				);
				PRODUCT_BUNDLE_IDENTIFIER = vn.foody.Widget.London;
				PRODUCT_NAME = "$(TARGET_NAME)";
				SKIP_INSTALL = YES;
				SWIFT_VERSION = 5.0;
				TARGETED_DEVICE_FAMILY = "1,2";
			};
			name = Release;
		};
/* End XCBuildConfiguration section */

/* Begin XCConfigurationList section */
		2587A12B2599B5B600B37CFF /* Build configuration list for PBXProject "Widget" */ = {
			isa = XCConfigurationList;
			buildConfigurations = (
				2587A13D2599B5B800B37CFF /* Debug */,
				2587A13E2599B5B800B37CFF /* Release */,
			);
			defaultConfigurationIsVisible = 0;
			defaultConfigurationName = Release;
		};
		2587A13F2599B5B800B37CFF /* Build configuration list for PBXNativeTarget "Widget" */ = {
			isa = XCConfigurationList;
			buildConfigurations = (
				2587A1402599B5B800B37CFF /* Debug */,
				2587A1412599B5B800B37CFF /* Release */,
			);
			defaultConfigurationIsVisible = 0;
			defaultConfigurationName = Release;
		};
		2587A1562599B5DC00B37CFF /* Build configuration list for PBXNativeTarget "LondonExtension" */ = {
			isa = XCConfigurationList;
			buildConfigurations = (
				2587A1572599B5DC00B37CFF /* Debug */,
				2587A1582599B5DC00B37CFF /* Release */,
			);
			defaultConfigurationIsVisible = 0;
			defaultConfigurationName = Release;
		};
/* End XCConfigurationList section */
	};
	rootObject = 2587A1282599B5B600B37CFF /* Project object */;
}
